
Microsoft Visual Studio Solution File, Format Version 12.00
# Visual Studio Version 17
VisualStudioVersion = 17.0.32112.339
MinimumVisualStudioVersion = 10.0.40219.1
Project("{FAE04EC0-301F-11D3-BF4B-00C04F79EFBC}") = "FormDeTestes", "FormDeTestes\FormDeTestes.csproj", "{93C3C096-EA52-42BB-85A8-5FEB39AFCDF6}"
EndProject
Global
	GlobalSection(SolutionConfigurationPlatforms) = preSolution
		Debug|Any CPU = Debug|Any CPU
		Release|Any CPU = Release|Any CPU
	EndGlobalSection
	GlobalSection(ProjectConfigurationPlatforms) = postSolution
		{93C3C096-EA52-42BB-85A8-5FEB39AFCDF6}.Debug|Any CPU.ActiveCfg = Debug|Any CPU
		{93C3C096-EA52-42BB-85A8-5FEB39AFCDF6}.Debug|Any CPU.Build.0 = Debug|Any CPU
		{93C3C096-EA52-42BB-85A8-5FEB39AFCDF6}.Release|Any CPU.ActiveCfg = Release|Any CPU
		{93C3C096-EA52-42BB-85A8-5FEB39AFCDF6}.Release|Any CPU.Build.0 = Release|Any CPU
	EndGlobalSection
	GlobalSection(SolutionProperties) = preSolution
		HideSolutionNode = FALSE
	EndGlobalSection
	GlobalSection(ExtensibilityGlobals) = postSolution
		SolutionGuid = {EE243D27-0909-4D71-BECF-11F7B33E84B1}
	EndGlobalSection
EndGlobal
